// !$*UTF8*$!
{
	archiveVersion = 1;
	classes = {
	};
	objectVersion = 56;
	objects = {

/* Begin PBXBuildFile section */
		817567FC2CA2C2B400B24577 /* AppDelegate.swift in Sources */ = {isa = PBXBuildFile; fileRef = 817567FB2CA2C2B400B24577 /* AppDelegate.swift */; };
		817568002CA2C2B400B24577 /* ViewController.swift in Sources */ = {isa = PBXBuildFile; fileRef = 817567FF2CA2C2B400B24577 /* ViewController.swift */; };
		817568032CA2C2B400B24577 /* Main.storyboard in Resources */ = {isa = PBXBuildFile; fileRef = 817568012CA2C2B400B24577 /* Main.storyboard */; };
		817568052CA2C2B500B24577 /* Assets.xcassets in Resources */ = {isa = PBXBuildFile; fileRef = 817568042CA2C2B500B24577 /* Assets.xcassets */; };
		817568082CA2C2B500B24577 /* LaunchScreen.storyboard in Resources */ = {isa = PBXBuildFile; fileRef = 817568062CA2C2B500B24577 /* LaunchScreen.storyboard */; };
		817568142CA2C33600B24577 /* Constant.swift in Sources */ = {isa = PBXBuildFile; fileRef = 817568122CA2C33600B24577 /* Constant.swift */; };
		817568152CA2C33600B24577 /* Extension.swift in Sources */ = {isa = PBXBuildFile; fileRef = 817568132CA2C33600B24577 /* Extension.swift */; };
		819DB1D12CAA829D008BD771 /* WWJavaScriptContext+Thumbnail in Frameworks */ = {isa = PBXBuildFile; productRef = 819DB1D02CAA829D008BD771 /* WWJavaScriptContext+Thumbnail */; };
		81E883282CAA80F00088EA18 /* WWJavaScriptContext+Thumbnail in Frameworks */ = {isa = PBXBuildFile; productRef = 81E883272CAA80F00088EA18 /* WWJavaScriptContext+Thumbnail */; };
/* End PBXBuildFile section */

/* Begin PBXFileReference section */
		817567F82CA2C2B400B24577 /* Example.app */ = {isa = PBXFileReference; explicitFileType = wrapper.application; includeInIndex = 0; path = Example.app; sourceTree = BUILT_PRODUCTS_DIR; };
		817567FB2CA2C2B400B24577 /* AppDelegate.swift */ = {isa = PBXFileReference; lastKnownFileType = sourcecode.swift; path = AppDelegate.swift; sourceTree = "<group>"; };
		817567FF2CA2C2B400B24577 /* ViewController.swift */ = {isa = PBXFileReference; lastKnownFileType = sourcecode.swift; path = ViewController.swift; sourceTree = "<group>"; };
		817568022CA2C2B400B24577 /* Base */ = {isa = PBXFileReference; lastKnownFileType = file.storyboard; name = Base; path = Base.lproj/Main.storyboard; sourceTree = "<group>"; };
		817568042CA2C2B500B24577 /* Assets.xcassets */ = {isa = PBXFileReference; lastKnownFileType = folder.assetcatalog; path = Assets.xcassets; sourceTree = "<group>"; };
		817568072CA2C2B500B24577 /* Base */ = {isa = PBXFileReference; lastKnownFileType = file.storyboard; name = Base; path = Base.lproj/LaunchScreen.storyboard; sourceTree = "<group>"; };
		817568092CA2C2B500B24577 /* Info.plist */ = {isa = PBXFileReference; lastKnownFileType = text.plist.xml; path = Info.plist; sourceTree = "<group>"; };
		817568122CA2C33600B24577 /* Constant.swift */ = {isa = PBXFileReference; fileEncoding = 4; lastKnownFileType = sourcecode.swift; path = Constant.swift; sourceTree = "<group>"; };
		817568132CA2C33600B24577 /* Extension.swift */ = {isa = PBXFileReference; fileEncoding = 4; lastKnownFileType = sourcecode.swift; path = Extension.swift; sourceTree = "<group>"; };
/* End PBXFileReference section */

/* Begin PBXFrameworksBuildPhase section */
		817567F52CA2C2B400B24577 /* Frameworks */ = {
			isa = PBXFrameworksBuildPhase;
			buildActionMask = 2147483647;
			files = (
				81E883282CAA80F00088EA18 /* WWJavaScriptContext+Thumbnail in Frameworks */,
				819DB1D12CAA829D008BD771 /* WWJavaScriptContext+Thumbnail in Frameworks */,
			);
			runOnlyForDeploymentPostprocessing = 0;
		};
/* End PBXFrameworksBuildPhase section */

/* Begin PBXGroup section */
		817567EF2CA2C2B400B24577 = {
			isa = PBXGroup;
			children = (
				817567FA2CA2C2B400B24577 /* Example */,
				817567F92CA2C2B400B24577 /* Products */,
			);
			sourceTree = "<group>";
		};
		817567F92CA2C2B400B24577 /* Products */ = {
			isa = PBXGroup;
			children = (
				817567F82CA2C2B400B24577 /* Example.app */,
			);
			name = Products;
			sourceTree = "<group>";
		};
		817567FA2CA2C2B400B24577 /* Example */ = {
			isa = PBXGroup;
			children = (
				817568192CA2C36F00B24577 /* Setting */,
				817568182CA2C36400B24577 /* Material */,
				817568112CA2C32700B24577 /* Utility */,
				817568162CA2C33E00B24577 /* Storyboard */,
				817568172CA2C35000B24577 /* ViewController */,
				817567FB2CA2C2B400B24577 /* AppDelegate.swift */,
			);
			path = Example;
			sourceTree = "<group>";
		};
		817568112CA2C32700B24577 /* Utility */ = {
			isa = PBXGroup;
			children = (
				817568122CA2C33600B24577 /* Constant.swift */,
				817568132CA2C33600B24577 /* Extension.swift */,
			);
			path = Utility;
			sourceTree = "<group>";
		};
		817568162CA2C33E00B24577 /* Storyboard */ = {
			isa = PBXGroup;
			children = (
				817568012CA2C2B400B24577 /* Main.storyboard */,
				817568062CA2C2B500B24577 /* LaunchScreen.storyboard */,
			);
			path = Storyboard;
			sourceTree = "<group>";
		};
		817568172CA2C35000B24577 /* ViewController */ = {
			isa = PBXGroup;
			children = (
				817567FF2CA2C2B400B24577 /* ViewController.swift */,
			);
			path = ViewController;
			sourceTree = "<group>";
		};
		817568182CA2C36400B24577 /* Material */ = {
			isa = PBXGroup;
			children = (
				817568042CA2C2B500B24577 /* Assets.xcassets */,
			);
			path = Material;
			sourceTree = "<group>";
		};
		817568192CA2C36F00B24577 /* Setting */ = {
			isa = PBXGroup;
			children = (
				817568092CA2C2B500B24577 /* Info.plist */,
			);
			name = Setting;
			sourceTree = "<group>";
		};
/* End PBXGroup section */

/* Begin PBXNativeTarget section */
		817567F72CA2C2B400B24577 /* Example */ = {
			isa = PBXNativeTarget;
			buildConfigurationList = 8175680C2CA2C2B500B24577 /* Build configuration list for PBXNativeTarget "Example" */;
			buildPhases = (
				817567F42CA2C2B400B24577 /* Sources */,
				817567F52CA2C2B400B24577 /* Frameworks */,
				817567F62CA2C2B400B24577 /* Resources */,
			);
			buildRules = (
			);
			dependencies = (
			);
			name = Example;
			packageProductDependencies = (
				81E883272CAA80F00088EA18 /* WWJavaScriptContext+Thumbnail */,
				819DB1D02CAA829D008BD771 /* WWJavaScriptContext+Thumbnail */,
			);
			productName = Example;
			productReference = 817567F82CA2C2B400B24577 /* Example.app */;
			productType = "com.apple.product-type.application";
		};
/* End PBXNativeTarget section */

/* Begin PBXProject section */
		817567F02CA2C2B400B24577 /* Project object */ = {
			isa = PBXProject;
			attributes = {
				BuildIndependentTargetsInParallel = 1;
				LastSwiftUpdateCheck = 1520;
				LastUpgradeCheck = 1520;
				TargetAttributes = {
					817567F72CA2C2B400B24577 = {
						CreatedOnToolsVersion = 15.2;
					};
				};
			};
			buildConfigurationList = 817567F32CA2C2B400B24577 /* Build configuration list for PBXProject "Example" */;
			compatibilityVersion = "Xcode 14.0";
			developmentRegion = en;
			hasScannedForEncodings = 0;
			knownRegions = (
				en,
				Base,
			);
			mainGroup = 817567EF2CA2C2B400B24577;
			packageReferences = (
			);
			productRefGroup = 817567F92CA2C2B400B24577 /* Products */;
			projectDirPath = "";
			projectRoot = "";
			targets = (
				817567F72CA2C2B400B24577 /* Example */,
			);
		};
/* End PBXProject section */

/* Begin PBXResourcesBuildPhase section */
		817567F62CA2C2B400B24577 /* Resources */ = {
			isa = PBXResourcesBuildPhase;
			buildActionMask = 2147483647;
			files = (
				817568082CA2C2B500B24577 /* LaunchScreen.storyboard in Resources */,
				817568052CA2C2B500B24577 /* Assets.xcassets in Resources */,
				817568032CA2C2B400B24577 /* Main.storyboard in Resources */,
			);
			runOnlyForDeploymentPostprocessing = 0;
		};
/* End PBXResourcesBuildPhase section */

/* Begin PBXSourcesBuildPhase section */
		817567F42CA2C2B400B24577 /* Sources */ = {
			isa = PBXSourcesBuildPhase;
			buildActionMask = 2147483647;
			files = (
				817568152CA2C33600B24577 /* Extension.swift in Sources */,
				817568002CA2C2B400B24577 /* ViewController.swift in Sources */,
				817567FC2CA2C2B400B24577 /* AppDelegate.swift in Sources */,
				817568142CA2C33600B24577 /* Constant.swift in Sources */,
			);
			runOnlyForDeploymentPostprocessing = 0;
		};
/* End PBXSourcesBuildPhase section */

/* Begin PBXVariantGroup section */
		817568012CA2C2B400B24577 /* Main.storyboard */ = {
			isa = PBXVariantGroup;
			children = (
				817568022CA2C2B400B24577 /* Base */,
			);
			name = Main.storyboard;
			sourceTree = "<group>";
		};
		817568062CA2C2B500B24577 /* LaunchScreen.storyboard */ = {
			isa = PBXVariantGroup;
			children = (
				817568072CA2C2B500B24577 /* Base */,
			);
			name = LaunchScreen.storyboard;
			sourceTree = "<group>";
		};
/* End PBXVariantGroup section */

/* Begin XCBuildConfiguration section */
		8175680A2CA2C2B500B24577 /* Debug */ = {
			isa = XCBuildConfiguration;
			buildSettings = {
				ALWAYS_SEARCH_USER_PATHS = NO;
				ASSETCATALOG_COMPILER_GENERATE_SWIFT_ASSET_SYMBOL_EXTENSIONS = YES;
				CLANG_ANALYZER_NONNULL = YES;
				CLANG_ANALYZER_NUMBER_OBJECT_CONVERSION = YES_AGGRESSIVE;
				CLANG_CXX_LANGUAGE_STANDARD = "gnu++20";
				CLANG_ENABLE_MODULES = YES;
				CLANG_ENABLE_OBJC_ARC = YES;
				CLANG_ENABLE_OBJC_WEAK = YES;
				CLANG_WARN_BLOCK_CAPTURE_AUTORELEASING = YES;
				CLANG_WARN_BOOL_CONVERSION = YES;
				CLANG_WARN_COMMA = YES;
				CLANG_WARN_CONSTANT_CONVERSION = YES;
				CLANG_WARN_DEPRECATED_OBJC_IMPLEMENTATIONS = YES;
				CLANG_WARN_DIRECT_OBJC_ISA_USAGE = YES_ERROR;
				CLANG_WARN_DOCUMENTATION_COMMENTS = YES;
				CLANG_WARN_EMPTY_BODY = YES;
				CLANG_WARN_ENUM_CONVERSION = YES;
				CLANG_WARN_INFINITE_RECURSION = YES;
				CLANG_WARN_INT_CONVERSION = YES;
				CLANG_WARN_NON_LITERAL_NULL_CONVERSION = YES;
				CLANG_WARN_OBJC_IMPLICIT_RETAIN_SELF = YES;
				CLANG_WARN_OBJC_LITERAL_CONVERSION = YES;
				CLANG_WARN_OBJC_ROOT_CLASS = YES_ERROR;
				CLANG_WARN_QUOTED_INCLUDE_IN_FRAMEWORK_HEADER = YES;
				CLANG_WARN_RANGE_LOOP_ANALYSIS = YES;
				CLANG_WARN_STRICT_PROTOTYPES = YES;
				CLANG_WARN_SUSPICIOUS_MOVE = YES;
				CLANG_WARN_UNGUARDED_AVAILABILITY = YES_AGGRESSIVE;
				CLANG_WARN_UNREACHABLE_CODE = YES;
				CLANG_WARN__DUPLICATE_METHOD_MATCH = YES;
				COPY_PHASE_STRIP = NO;
				DEBUG_INFORMATION_FORMAT = dwarf;
				ENABLE_STRICT_OBJC_MSGSEND = YES;
				ENABLE_TESTABILITY = YES;
				ENABLE_USER_SCRIPT_SANDBOXING = YES;
				GCC_C_LANGUAGE_STANDARD = gnu17;
				GCC_DYNAMIC_NO_PIC = NO;
				GCC_NO_COMMON_BLOCKS = YES;
				GCC_OPTIMIZATION_LEVEL = 0;
				GCC_PREPROCESSOR_DEFINITIONS = (
					"DEBUG=1",
					"$(inherited)",
				);
				GCC_WARN_64_TO_32_BIT_CONVERSION = YES;
				GCC_WARN_ABOUT_RETURN_TYPE = YES_ERROR;
				GCC_WARN_UNDECLARED_SELECTOR = YES;
				GCC_WARN_UNINITIALIZED_AUTOS = YES_AGGRESSIVE;
				GCC_WARN_UNUSED_FUNCTION = YES;
				GCC_WARN_UNUSED_VARIABLE = YES;
				IPHONEOS_DEPLOYMENT_TARGET = 17.2;
				LOCALIZATION_PREFERS_STRING_CATALOGS = YES;
				MTL_ENABLE_DEBUG_INFO = INCLUDE_SOURCE;
				MTL_FAST_MATH = YES;
				ONLY_ACTIVE_ARCH = YES;
				SDKROOT = iphoneos;
				SWIFT_ACTIVE_COMPILATION_CONDITIONS = "DEBUG $(inherited)";
				SWIFT_OPTIMIZATION_LEVEL = "-Onone";
			};
			name = Debug;
		};
		8175680B2CA2C2B500B24577 /* Release */ = {
			isa = XCBuildConfiguration;
			buildSettings = {
				ALWAYS_SEARCH_USER_PATHS = NO;
				ASSETCATALOG_COMPILER_GENERATE_SWIFT_ASSET_SYMBOL_EXTENSIONS = YES;
				CLANG_ANALYZER_NONNULL = YES;
				CLANG_ANALYZER_NUMBER_OBJECT_CONVERSION = YES_AGGRESSIVE;
				CLANG_CXX_LANGUAGE_STANDARD = "gnu++20";
				CLANG_ENABLE_MODULES = YES;
				CLANG_ENABLE_OBJC_ARC = YES;
				CLANG_ENABLE_OBJC_WEAK = YES;
				CLANG_WARN_BLOCK_CAPTURE_AUTORELEASING = YES;
				CLANG_WARN_BOOL_CONVERSION = YES;
				CLANG_WARN_COMMA = YES;
				CLANG_WARN_CONSTANT_CONVERSION = YES;
				CLANG_WARN_DEPRECATED_OBJC_IMPLEMENTATIONS = YES;
				CLANG_WARN_DIRECT_OBJC_ISA_USAGE = YES_ERROR;
				CLANG_WARN_DOCUMENTATION_COMMENTS = YES;
				CLANG_WARN_EMPTY_BODY = YES;
				CLANG_WARN_ENUM_CONVERSION = YES;
				CLANG_WARN_INFINITE_RECURSION = YES;
				CLANG_WARN_INT_CONVERSION = YES;
				CLANG_WARN_NON_LITERAL_NULL_CONVERSION = YES;
				CLANG_WARN_OBJC_IMPLICIT_RETAIN_SELF = YES;
				CLANG_WARN_OBJC_LITERAL_CONVERSION = YES;
				CLANG_WARN_OBJC_ROOT_CLASS = YES_ERROR;
				CLANG_WARN_QUOTED_INCLUDE_IN_FRAMEWORK_HEADER = YES;
				CLANG_WARN_RANGE_LOOP_ANALYSIS = YES;
				CLANG_WARN_STRICT_PROTOTYPES = YES;
				CLANG_WARN_SUSPICIOUS_MOVE = YES;
				CLANG_WARN_UNGUARDED_AVAILABILITY = YES_AGGRESSIVE;
				CLANG_WARN_UNREACHABLE_CODE = YES;
				CLANG_WARN__DUPLICATE_METHOD_MATCH = YES;
				COPY_PHASE_STRIP = NO;
				DEBUG_INFORMATION_FORMAT = "dwarf-with-dsym";
				ENABLE_NS_ASSERTIONS = NO;
				ENABLE_STRICT_OBJC_MSGSEND = YES;
				ENABLE_USER_SCRIPT_SANDBOXING = YES;
				GCC_C_LANGUAGE_STANDARD = gnu17;
				GCC_NO_COMMON_BLOCKS = YES;
				GCC_WARN_64_TO_32_BIT_CONVERSION = YES;
				GCC_WARN_ABOUT_RETURN_TYPE = YES_ERROR;
				GCC_WARN_UNDECLARED_SELECTOR = YES;
				GCC_WARN_UNINITIALIZED_AUTOS = YES_AGGRESSIVE;
				GCC_WARN_UNUSED_FUNCTION = YES;
				GCC_WARN_UNUSED_VARIABLE = YES;
				IPHONEOS_DEPLOYMENT_TARGET = 17.2;
				LOCALIZATION_PREFERS_STRING_CATALOGS = YES;
				MTL_ENABLE_DEBUG_INFO = NO;
				MTL_FAST_MATH = YES;
				SDKROOT = iphoneos;
				SWIFT_COMPILATION_MODE = wholemodule;
				VALIDATE_PRODUCT = YES;
			};
			name = Release;
		};
		8175680D2CA2C2B500B24577 /* Debug */ = {
			isa = XCBuildConfiguration;
			buildSettings = {
				ASSETCATALOG_COMPILER_APPICON_NAME = AppIcon;
				ASSETCATALOG_COMPILER_GLOBAL_ACCENT_COLOR_NAME = AccentColor;
				CODE_SIGN_STYLE = Automatic;
				CURRENT_PROJECT_VERSION = 20240924;
				DEVELOPMENT_TEAM = 4Q5CYDAG3B;
				GENERATE_INFOPLIST_FILE = YES;
				INFOPLIST_FILE = Example/Info.plist;
				INFOPLIST_KEY_UIApplicationSupportsIndirectInputEvents = YES;
				INFOPLIST_KEY_UILaunchStoryboardName = LaunchScreen;
				INFOPLIST_KEY_UIMainStoryboardFile = Main;
				INFOPLIST_KEY_UISupportedInterfaceOrientations_iPad = "UIInterfaceOrientationPortrait UIInterfaceOrientationPortraitUpsideDown UIInterfaceOrientationLandscapeLeft UIInterfaceOrientationLandscapeRight";
				INFOPLIST_KEY_UISupportedInterfaceOrientations_iPhone = "UIInterfaceOrientationPortrait UIInterfaceOrientationLandscapeLeft UIInterfaceOrientationLandscapeRight";
				IPHONEOS_DEPLOYMENT_TARGET = 15.0;
				LD_RUNPATH_SEARCH_PATHS = (
					"$(inherited)",
					"@executable_path/Frameworks",
				);
				MARKETING_VERSION = 1.0.0;
				PRODUCT_BUNDLE_IDENTIFIER = idv.william.Example2.Example;
				PRODUCT_NAME = "$(TARGET_NAME)";
				SUPPORTED_PLATFORMS = "iphoneos iphonesimulator";
				SUPPORTS_MACCATALYST = NO;
				SUPPORTS_MAC_DESIGNED_FOR_IPHONE_IPAD = NO;
				SUPPORTS_XR_DESIGNED_FOR_IPHONE_IPAD = NO;
				SWIFT_EMIT_LOC_STRINGS = YES;
				SWIFT_VERSION = 5.0;
				TARGETED_DEVICE_FAMILY = 1;
			};
			name = Debug;
		};
		8175680E2CA2C2B500B24577 /* Release */ = {
			isa = XCBuildConfiguration;
			buildSettings = {
				ASSETCATALOG_COMPILER_APPICON_NAME = AppIcon;
				ASSETCATALOG_COMPILER_GLOBAL_ACCENT_COLOR_NAME = AccentColor;
				CODE_SIGN_STYLE = Automatic;
				CURRENT_PROJECT_VERSION = 20240924;
				DEVELOPMENT_TEAM = 4Q5CYDAG3B;
				GENERATE_INFOPLIST_FILE = YES;
				INFOPLIST_FILE = Example/Info.plist;
				INFOPLIST_KEY_UIApplicationSupportsIndirectInputEvents = YES;
				INFOPLIST_KEY_UILaunchStoryboardName = LaunchScreen;
				INFOPLIST_KEY_UIMainStoryboardFile = Main;
				INFOPLIST_KEY_UISupportedInterfaceOrientations_iPad = "UIInterfaceOrientationPortrait UIInterfaceOrientationPortraitUpsideDown UIInterfaceOrientationLandscapeLeft UIInterfaceOrientationLandscapeRight";
				INFOPLIST_KEY_UISupportedInterfaceOrientations_iPhone = "UIInterfaceOrientationPortrait UIInterfaceOrientationLandscapeLeft UIInterfaceOrientationLandscapeRight";
				IPHONEOS_DEPLOYMENT_TARGET = 15.0;
				LD_RUNPATH_SEARCH_PATHS = (
					"$(inherited)",
					"@executable_path/Frameworks",
				);
				MARKETING_VERSION = 1.0.0;
				PRODUCT_BUNDLE_IDENTIFIER = idv.william.Example2.Example;
				PRODUCT_NAME = "$(TARGET_NAME)";
				SUPPORTED_PLATFORMS = "iphoneos iphonesimulator";
				SUPPORTS_MACCATALYST = NO;
				SUPPORTS_MAC_DESIGNED_FOR_IPHONE_IPAD = NO;
				SUPPORTS_XR_DESIGNED_FOR_IPHONE_IPAD = NO;
				SWIFT_EMIT_LOC_STRINGS = YES;
				SWIFT_VERSION = 5.0;
				TARGETED_DEVICE_FAMILY = 1;
			};
			name = Release;
		};
/* End XCBuildConfiguration section */

/* Begin XCConfigurationList section */
		817567F32CA2C2B400B24577 /* Build configuration list for PBXProject "Example" */ = {
			isa = XCConfigurationList;
			buildConfigurations = (
				8175680A2CA2C2B500B24577 /* Debug */,
				8175680B2CA2C2B500B24577 /* Release */,
			);
			defaultConfigurationIsVisible = 0;
			defaultConfigurationName = Release;
		};
		8175680C2CA2C2B500B24577 /* Build configuration list for PBXNativeTarget "Example" */ = {
			isa = XCConfigurationList;
			buildConfigurations = (
				8175680D2CA2C2B500B24577 /* Debug */,
				8175680E2CA2C2B500B24577 /* Release */,
			);
			defaultConfigurationIsVisible = 0;
			defaultConfigurationName = Release;
		};
/* End XCConfigurationList section */

/* Begin XCSwiftPackageProductDependency section */
		819DB1D02CAA829D008BD771 /* WWJavaScriptContext+Thumbnail */ = {
			isa = XCSwiftPackageProductDependency;
			productName = "WWJavaScriptContext+Thumbnail";
		};
		81E883272CAA80F00088EA18 /* WWJavaScriptContext+Thumbnail */ = {
			isa = XCSwiftPackageProductDependency;
			productName = "WWJavaScriptContext+Thumbnail";
		};
/* End XCSwiftPackageProductDependency section */
	};
	rootObject = 817567F02CA2C2B400B24577 /* Project object */;
}
